
Microsoft Visual Studio Solution File, Format Version 12.00
# Visual Studio 15
Project("{FAE04EC0-301F-11D3-BF4B-00C04F79EFBC}") = "amitPrakashSecondApp", "amitPrakashSecondApp\amitPrakashSecondApp.csproj", "{2341E3C8-5768-49BF-8D98-D29C1AA336E6}"
EndProject
Project("{FAE04EC0-301F-11D3-BF4B-00C04F79EFBC}") = "amitprakashSecondApp.Test", "amitprakashSecondApp.Test\amitprakashSecondApp.Test.csproj", "{FDB7FE9A-8933-4F3A-B12F-09013E6273FC}"
EndProject
Global
	GlobalSection(SolutionConfigurationPlatforms) = preSolution
		Debug|anycpu = Debug|anycpu
		Release|anycpu = Release|anycpu
	EndGlobalSection
	GlobalSection(ProjectConfigurationPlatforms) = postSolution
		{2341E3C8-5768-49BF-8D98-D29C1AA336E6}.Debug|anycpu.ActiveCfg = Debug|anycpu
		{2341E3C8-5768-49BF-8D98-D29C1AA336E6}.Debug|anycpu.Build.0 = Debug|anycpu
		{2341E3C8-5768-49BF-8D98-D29C1AA336E6}.Release|anycpu.ActiveCfg = Release|anycpu
		{2341E3C8-5768-49BF-8D98-D29C1AA336E6}.Release|anycpu.Build.0 = Release|anycpu
		{FDB7FE9A-8933-4F3A-B12F-09013E6273FC}.Debug|anycpu.ActiveCfg = Debug|Any CPU
		{FDB7FE9A-8933-4F3A-B12F-09013E6273FC}.Debug|anycpu.Build.0 = Debug|Any CPU
		{FDB7FE9A-8933-4F3A-B12F-09013E6273FC}.Release|anycpu.ActiveCfg = Release|Any CPU
		{FDB7FE9A-8933-4F3A-B12F-09013E6273FC}.Release|anycpu.Build.0 = Release|Any CPU
	EndGlobalSection
EndGlobal
